
Microsoft Visual Studio Solution File, Format Version 11.00
# Visual Studio 2010
Project("{FAE04EC0-301F-11D3-BF4B-00C04F79EFBC}") = "HammerAuction", "我锤拍卖\HammerAuction.csproj", "{D605045B-521F-4492-97D5-B2B221D56264}"
EndProject
Global
	GlobalSection(SolutionConfigurationPlatforms) = preSolution
		Debug|Any CPU = Debug|Any CPU
		Release|Any CPU = Release|Any CPU
	EndGlobalSection
	GlobalSection(ProjectConfigurationPlatforms) = postSolution
		{D605045B-521F-4492-97D5-B2B221D56264}.Debug|Any CPU.ActiveCfg = Debug|Any CPU
		{D605045B-521F-4492-97D5-B2B221D56264}.Debug|Any CPU.Build.0 = Debug|Any CPU
		{D605045B-521F-4492-97D5-B2B221D56264}.Release|Any CPU.ActiveCfg = Release|Any CPU
		{D605045B-521F-4492-97D5-B2B221D56264}.Release|Any CPU.Build.0 = Release|Any CPU
	EndGlobalSection
	GlobalSection(SolutionProperties) = preSolution
		HideSolutionNode = FALSE
	EndGlobalSection
EndGlobal
